
Microsoft Visual Studio Solution File, Format Version 12.00
# Visual Studio Version 17
VisualStudioVersion = 17.6.33829.357
MinimumVisualStudioVersion = 10.0.40219.1
Project("{FAE04EC0-301F-11D3-BF4B-00C04F79EFBC}") = "calculadoraV1", "calculadoraV1\calculadoraV1.csproj", "{6461DCFD-275B-44C1-994D-F54FD20CA0C8}"
EndProject
Global
	GlobalSection(SolutionConfigurationPlatforms) = preSolution
		Debug|Any CPU = Debug|Any CPU
		Release|Any CPU = Release|Any CPU
	EndGlobalSection
	GlobalSection(ProjectConfigurationPlatforms) = postSolution
		{6461DCFD-275B-44C1-994D-F54FD20CA0C8}.Debug|Any CPU.ActiveCfg = Debug|Any CPU
		{6461DCFD-275B-44C1-994D-F54FD20CA0C8}.Debug|Any CPU.Build.0 = Debug|Any CPU
		{6461DCFD-275B-44C1-994D-F54FD20CA0C8}.Release|Any CPU.ActiveCfg = Release|Any CPU
		{6461DCFD-275B-44C1-994D-F54FD20CA0C8}.Release|Any CPU.Build.0 = Release|Any CPU
	EndGlobalSection
	GlobalSection(SolutionProperties) = preSolution
		HideSolutionNode = FALSE
	EndGlobalSection
	GlobalSection(ExtensibilityGlobals) = postSolution
		SolutionGuid = {46ED088A-E088-4ABD-9292-4B1E026B381C}
	EndGlobalSection
EndGlobal
